
Microsoft Visual Studio Solution File, Format Version 12.00
# Visual Studio Version 17
VisualStudioVersion = 17.9.34728.123
MinimumVisualStudioVersion = 10.0.40219.1
Project("{FAE04EC0-301F-11D3-BF4B-00C04F79EFBC}") = "Overloads", "Overloads\Overloads.csproj", "{029F4E60-BFC4-4AEE-B76D-3A216E2C3519}"
EndProject
Global
	GlobalSection(SolutionConfigurationPlatforms) = preSolution
		Debug|Any CPU = Debug|Any CPU
		Release|Any CPU = Release|Any CPU
	EndGlobalSection
	GlobalSection(ProjectConfigurationPlatforms) = postSolution
		{029F4E60-BFC4-4AEE-B76D-3A216E2C3519}.Debug|Any CPU.ActiveCfg = Debug|Any CPU
		{029F4E60-BFC4-4AEE-B76D-3A216E2C3519}.Debug|Any CPU.Build.0 = Debug|Any CPU
		{029F4E60-BFC4-4AEE-B76D-3A216E2C3519}.Release|Any CPU.ActiveCfg = Release|Any CPU
		{029F4E60-BFC4-4AEE-B76D-3A216E2C3519}.Release|Any CPU.Build.0 = Release|Any CPU
	EndGlobalSection
	GlobalSection(SolutionProperties) = preSolution
		HideSolutionNode = FALSE
	EndGlobalSection
	GlobalSection(ExtensibilityGlobals) = postSolution
		SolutionGuid = {8E17D386-B3F0-426C-AEEE-CCF6FEA03887}
	EndGlobalSection
EndGlobal
